
Microsoft Visual Studio Solution File, Format Version 11.00
# Visual Studio 2010 Express for Windows Phone
Project("{FAE04EC0-301F-11D3-BF4B-00C04F79EFBC}") = "Weather Forecast", "Weather Forecast\Weather Forecast.csproj", "{23243237-A6BF-41A9-AB87-77FF9DF81852}"
EndProject
Global
	GlobalSection(SolutionConfigurationPlatforms) = preSolution
		Debug|Any CPU = Debug|Any CPU
		Release|Any CPU = Release|Any CPU
	EndGlobalSection
	GlobalSection(ProjectConfigurationPlatforms) = postSolution
		{23243237-A6BF-41A9-AB87-77FF9DF81852}.Debug|Any CPU.ActiveCfg = Debug|Any CPU
		{23243237-A6BF-41A9-AB87-77FF9DF81852}.Debug|Any CPU.Build.0 = Debug|Any CPU
		{23243237-A6BF-41A9-AB87-77FF9DF81852}.Debug|Any CPU.Deploy.0 = Debug|Any CPU
		{23243237-A6BF-41A9-AB87-77FF9DF81852}.Release|Any CPU.ActiveCfg = Release|Any CPU
		{23243237-A6BF-41A9-AB87-77FF9DF81852}.Release|Any CPU.Build.0 = Release|Any CPU
		{23243237-A6BF-41A9-AB87-77FF9DF81852}.Release|Any CPU.Deploy.0 = Release|Any CPU
	EndGlobalSection
	GlobalSection(SolutionProperties) = preSolution
		HideSolutionNode = FALSE
	EndGlobalSection
EndGlobal
